// !$*UTF8*$!
{
	archiveVersion = 1;
	classes = {
	};
	objectVersion = 56;
	objects = {

/* Begin PBXBuildFile section */
		C02916122AD69ACA002FBCA6 /* AddBookView.swift in Sources */ = {isa = PBXBuildFile; fileRef = C02916112AD69ACA002FBCA6 /* AddBookView.swift */; };
		C02916142AD6A228002FBCA6 /* RatingView.swift in Sources */ = {isa = PBXBuildFile; fileRef = C02916132AD6A228002FBCA6 /* RatingView.swift */; };
		C02916162AD6AC3F002FBCA6 /* EmojiRatingView.swift in Sources */ = {isa = PBXBuildFile; fileRef = C02916152AD6AC3F002FBCA6 /* EmojiRatingView.swift */; };
		C0683DAA2ACEAA3300843D5D /* BookwormApp.swift in Sources */ = {isa = PBXBuildFile; fileRef = C0683DA92ACEAA3300843D5D /* BookwormApp.swift */; };
		C0683DAC2ACEAA3300843D5D /* ContentView.swift in Sources */ = {isa = PBXBuildFile; fileRef = C0683DAB2ACEAA3300843D5D /* ContentView.swift */; };
		C0683DAE2ACEAA3400843D5D /* Assets.xcassets in Resources */ = {isa = PBXBuildFile; fileRef = C0683DAD2ACEAA3400843D5D /* Assets.xcassets */; };
		C0683DB12ACEAA3400843D5D /* Preview Assets.xcassets in Resources */ = {isa = PBXBuildFile; fileRef = C0683DB02ACEAA3400843D5D /* Preview Assets.xcassets */; };
		C0683DB92ACEC61F00843D5D /* Bookworm.xcdatamodeld in Sources */ = {isa = PBXBuildFile; fileRef = C0683DB72ACEC61F00843D5D /* Bookworm.xcdatamodeld */; };
		C0683DBB2ACEC65100843D5D /* DataController.swift in Sources */ = {isa = PBXBuildFile; fileRef = C0683DBA2ACEC65100843D5D /* DataController.swift */; };
		C099C7BE2AD6D26900D757AB /* DetailView.swift in Sources */ = {isa = PBXBuildFile; fileRef = C099C7BD2AD6D26900D757AB /* DetailView.swift */; };
		C0AF6F4A2ADD460E008F8E08 /* Screen1.png in Resources */ = {isa = PBXBuildFile; fileRef = C0AF6F492ADD460E008F8E08 /* Screen1.png */; };
		C0AF6F4C2ADD4614008F8E08 /* Screen2.png in Resources */ = {isa = PBXBuildFile; fileRef = C0AF6F4B2ADD4614008F8E08 /* Screen2.png */; };
		C0CFD3312ADBF5420099EDB8 /* SearchBar.swift in Sources */ = {isa = PBXBuildFile; fileRef = C0CFD3302ADBF5420099EDB8 /* SearchBar.swift */; };
/* End PBXBuildFile section */

/* Begin PBXFileReference section */
		C02916112AD69ACA002FBCA6 /* AddBookView.swift */ = {isa = PBXFileReference; lastKnownFileType = sourcecode.swift; path = AddBookView.swift; sourceTree = "<group>"; };
		C02916132AD6A228002FBCA6 /* RatingView.swift */ = {isa = PBXFileReference; lastKnownFileType = sourcecode.swift; path = RatingView.swift; sourceTree = "<group>"; };
		C02916152AD6AC3F002FBCA6 /* EmojiRatingView.swift */ = {isa = PBXFileReference; lastKnownFileType = sourcecode.swift; path = EmojiRatingView.swift; sourceTree = "<group>"; };
		C0683DA62ACEAA3300843D5D /* Bookworm.app */ = {isa = PBXFileReference; explicitFileType = wrapper.application; includeInIndex = 0; path = Bookworm.app; sourceTree = BUILT_PRODUCTS_DIR; };
		C0683DA92ACEAA3300843D5D /* BookwormApp.swift */ = {isa = PBXFileReference; lastKnownFileType = sourcecode.swift; path = BookwormApp.swift; sourceTree = "<group>"; };
		C0683DAB2ACEAA3300843D5D /* ContentView.swift */ = {isa = PBXFileReference; lastKnownFileType = sourcecode.swift; path = ContentView.swift; sourceTree = "<group>"; };
		C0683DAD2ACEAA3400843D5D /* Assets.xcassets */ = {isa = PBXFileReference; lastKnownFileType = folder.assetcatalog; path = Assets.xcassets; sourceTree = "<group>"; };
		C0683DB02ACEAA3400843D5D /* Preview Assets.xcassets */ = {isa = PBXFileReference; lastKnownFileType = folder.assetcatalog; path = "Preview Assets.xcassets"; sourceTree = "<group>"; };
		C0683DB82ACEC61F00843D5D /* DataController.xcdatamodel */ = {isa = PBXFileReference; lastKnownFileType = wrapper.xcdatamodel; path = DataController.xcdatamodel; sourceTree = "<group>"; };
		C0683DBA2ACEC65100843D5D /* DataController.swift */ = {isa = PBXFileReference; lastKnownFileType = sourcecode.swift; path = DataController.swift; sourceTree = "<group>"; };
		C071DD112ADFCF4300CF805D /* Info.plist */ = {isa = PBXFileReference; lastKnownFileType = text.plist; path = Info.plist; sourceTree = "<group>"; };
		C099C7BD2AD6D26900D757AB /* DetailView.swift */ = {isa = PBXFileReference; lastKnownFileType = sourcecode.swift; path = DetailView.swift; sourceTree = "<group>"; };
		C0AF6F492ADD460E008F8E08 /* Screen1.png */ = {isa = PBXFileReference; lastKnownFileType = image.png; path = Screen1.png; sourceTree = "<group>"; };
		C0AF6F4B2ADD4614008F8E08 /* Screen2.png */ = {isa = PBXFileReference; lastKnownFileType = image.png; path = Screen2.png; sourceTree = "<group>"; };
		C0CFD3302ADBF5420099EDB8 /* SearchBar.swift */ = {isa = PBXFileReference; lastKnownFileType = sourcecode.swift; path = SearchBar.swift; sourceTree = "<group>"; };
/* End PBXFileReference section */

/* Begin PBXFrameworksBuildPhase section */
		C0683DA32ACEAA3300843D5D /* Frameworks */ = {
			isa = PBXFrameworksBuildPhase;
			buildActionMask = 2147483647;
			files = (
			);
			runOnlyForDeploymentPostprocessing = 0;
		};
/* End PBXFrameworksBuildPhase section */

/* Begin PBXGroup section */
		C0683D9D2ACEAA3300843D5D = {
			isa = PBXGroup;
			children = (
				C0683DA82ACEAA3300843D5D /* Bookworm */,
				C0683DA72ACEAA3300843D5D /* Products */,
			);
			sourceTree = "<group>";
		};
		C0683DA72ACEAA3300843D5D /* Products */ = {
			isa = PBXGroup;
			children = (
				C0683DA62ACEAA3300843D5D /* Bookworm.app */,
			);
			name = Products;
			sourceTree = "<group>";
		};
		C0683DA82ACEAA3300843D5D /* Bookworm */ = {
			isa = PBXGroup;
			children = (
				C071DD112ADFCF4300CF805D /* Info.plist */,
				C0683DA92ACEAA3300843D5D /* BookwormApp.swift */,
				C0683DAB2ACEAA3300843D5D /* ContentView.swift */,
				C02916152AD6AC3F002FBCA6 /* EmojiRatingView.swift */,
				C02916112AD69ACA002FBCA6 /* AddBookView.swift */,
				C02916132AD6A228002FBCA6 /* RatingView.swift */,
				C099C7BD2AD6D26900D757AB /* DetailView.swift */,
				C0CFD3302ADBF5420099EDB8 /* SearchBar.swift */,
				C0683DBA2ACEC65100843D5D /* DataController.swift */,
				C0AF6F482ADD45EB008F8E08 /* Screenshots */,
				C0683DB72ACEC61F00843D5D /* Bookworm.xcdatamodeld */,
				C0683DAD2ACEAA3400843D5D /* Assets.xcassets */,
				C0683DAF2ACEAA3400843D5D /* Preview Content */,
			);
			path = Bookworm;
			sourceTree = "<group>";
		};
		C0683DAF2ACEAA3400843D5D /* Preview Content */ = {
			isa = PBXGroup;
			children = (
				C0683DB02ACEAA3400843D5D /* Preview Assets.xcassets */,
			);
			path = "Preview Content";
			sourceTree = "<group>";
		};
		C0AF6F482ADD45EB008F8E08 /* Screenshots */ = {
			isa = PBXGroup;
			children = (
				C0AF6F492ADD460E008F8E08 /* Screen1.png */,
				C0AF6F4B2ADD4614008F8E08 /* Screen2.png */,
			);
			path = Screenshots;
			sourceTree = "<group>";
		};
/* End PBXGroup section */

/* Begin PBXNativeTarget section */
		C0683DA52ACEAA3300843D5D /* Bookworm */ = {
			isa = PBXNativeTarget;
			buildConfigurationList = C0683DB42ACEAA3400843D5D /* Build configuration list for PBXNativeTarget "Bookworm" */;
			buildPhases = (
				C0683DA22ACEAA3300843D5D /* Sources */,
				C0683DA32ACEAA3300843D5D /* Frameworks */,
				C0683DA42ACEAA3300843D5D /* Resources */,
			);
			buildRules = (
			);
			dependencies = (
			);
			name = Bookworm;
			productName = Bookworm;
			productReference = C0683DA62ACEAA3300843D5D /* Bookworm.app */;
			productType = "com.apple.product-type.application";
		};
/* End PBXNativeTarget section */

/* Begin PBXProject section */
		C0683D9E2ACEAA3300843D5D /* Project object */ = {
			isa = PBXProject;
			attributes = {
				BuildIndependentTargetsInParallel = 1;
				LastSwiftUpdateCheck = 1500;
				LastUpgradeCheck = 1500;
				TargetAttributes = {
					C0683DA52ACEAA3300843D5D = {
						CreatedOnToolsVersion = 15.0;
					};
				};
			};
			buildConfigurationList = C0683DA12ACEAA3300843D5D /* Build configuration list for PBXProject "Bookworm" */;
			compatibilityVersion = "Xcode 14.0";
			developmentRegion = en;
			hasScannedForEncodings = 0;
			knownRegions = (
				en,
				Base,
			);
			mainGroup = C0683D9D2ACEAA3300843D5D;
			productRefGroup = C0683DA72ACEAA3300843D5D /* Products */;
			projectDirPath = "";
			projectRoot = "";
			targets = (
				C0683DA52ACEAA3300843D5D /* Bookworm */,
			);
		};
/* End PBXProject section */

/* Begin PBXResourcesBuildPhase section */
		C0683DA42ACEAA3300843D5D /* Resources */ = {
			isa = PBXResourcesBuildPhase;
			buildActionMask = 2147483647;
			files = (
				C0683DB12ACEAA3400843D5D /* Preview Assets.xcassets in Resources */,
				C0683DAE2ACEAA3400843D5D /* Assets.xcassets in Resources */,
				C0AF6F4C2ADD4614008F8E08 /* Screen2.png in Resources */,
				C0AF6F4A2ADD460E008F8E08 /* Screen1.png in Resources */,
			);
			runOnlyForDeploymentPostprocessing = 0;
		};
/* End PBXResourcesBuildPhase section */

/* Begin PBXSourcesBuildPhase section */
		C0683DA22ACEAA3300843D5D /* Sources */ = {
			isa = PBXSourcesBuildPhase;
			buildActionMask = 2147483647;
			files = (
				C0683DAC2ACEAA3300843D5D /* ContentView.swift in Sources */,
				C099C7BE2AD6D26900D757AB /* DetailView.swift in Sources */,
				C0683DBB2ACEC65100843D5D /* DataController.swift in Sources */,
				C02916162AD6AC3F002FBCA6 /* EmojiRatingView.swift in Sources */,
				C0683DAA2ACEAA3300843D5D /* BookwormApp.swift in Sources */,
				C0CFD3312ADBF5420099EDB8 /* SearchBar.swift in Sources */,
				C02916142AD6A228002FBCA6 /* RatingView.swift in Sources */,
				C0683DB92ACEC61F00843D5D /* Bookworm.xcdatamodeld in Sources */,
				C02916122AD69ACA002FBCA6 /* AddBookView.swift in Sources */,
			);
			runOnlyForDeploymentPostprocessing = 0;
		};
/* End PBXSourcesBuildPhase section */

/* Begin XCBuildConfiguration section */
		C0683DB22ACEAA3400843D5D /* Debug */ = {
			isa = XCBuildConfiguration;
			buildSettings = {
				ALWAYS_SEARCH_USER_PATHS = NO;
				ASSETCATALOG_COMPILER_GENERATE_SWIFT_ASSET_SYMBOL_EXTENSIONS = YES;
				CLANG_ANALYZER_NONNULL = YES;
				CLANG_ANALYZER_NUMBER_OBJECT_CONVERSION = YES_AGGRESSIVE;
				CLANG_CXX_LANGUAGE_STANDARD = "gnu++20";
				CLANG_ENABLE_MODULES = YES;
				CLANG_ENABLE_OBJC_ARC = YES;
				CLANG_ENABLE_OBJC_WEAK = YES;
				CLANG_WARN_BLOCK_CAPTURE_AUTORELEASING = YES;
				CLANG_WARN_BOOL_CONVERSION = YES;
				CLANG_WARN_COMMA = YES;
				CLANG_WARN_CONSTANT_CONVERSION = YES;
				CLANG_WARN_DEPRECATED_OBJC_IMPLEMENTATIONS = YES;
				CLANG_WARN_DIRECT_OBJC_ISA_USAGE = YES_ERROR;
				CLANG_WARN_DOCUMENTATION_COMMENTS = YES;
				CLANG_WARN_EMPTY_BODY = YES;
				CLANG_WARN_ENUM_CONVERSION = YES;
				CLANG_WARN_INFINITE_RECURSION = YES;
				CLANG_WARN_INT_CONVERSION = YES;
				CLANG_WARN_NON_LITERAL_NULL_CONVERSION = YES;
				CLANG_WARN_OBJC_IMPLICIT_RETAIN_SELF = YES;
				CLANG_WARN_OBJC_LITERAL_CONVERSION = YES;
				CLANG_WARN_OBJC_ROOT_CLASS = YES_ERROR;
				CLANG_WARN_QUOTED_INCLUDE_IN_FRAMEWORK_HEADER = YES;
				CLANG_WARN_RANGE_LOOP_ANALYSIS = YES;
				CLANG_WARN_STRICT_PROTOTYPES = YES;
				CLANG_WARN_SUSPICIOUS_MOVE = YES;
				CLANG_WARN_UNGUARDED_AVAILABILITY = YES_AGGRESSIVE;
				CLANG_WARN_UNREACHABLE_CODE = YES;
				CLANG_WARN__DUPLICATE_METHOD_MATCH = YES;
				COPY_PHASE_STRIP = NO;
				DEBUG_INFORMATION_FORMAT = dwarf;
				ENABLE_STRICT_OBJC_MSGSEND = YES;
				ENABLE_TESTABILITY = YES;
				ENABLE_USER_SCRIPT_SANDBOXING = YES;
				GCC_C_LANGUAGE_STANDARD = gnu17;
				GCC_DYNAMIC_NO_PIC = NO;
				GCC_NO_COMMON_BLOCKS = YES;
				GCC_OPTIMIZATION_LEVEL = 0;
				GCC_PREPROCESSOR_DEFINITIONS = (
					"DEBUG=1",
					"$(inherited)",
				);
				GCC_WARN_64_TO_32_BIT_CONVERSION = YES;
				GCC_WARN_ABOUT_RETURN_TYPE = YES_ERROR;
				GCC_WARN_UNDECLARED_SELECTOR = YES;
				GCC_WARN_UNINITIALIZED_AUTOS = YES_AGGRESSIVE;
				GCC_WARN_UNUSED_FUNCTION = YES;
				GCC_WARN_UNUSED_VARIABLE = YES;
				IPHONEOS_DEPLOYMENT_TARGET = 16.0;
				LOCALIZATION_PREFERS_STRING_CATALOGS = YES;
				MTL_ENABLE_DEBUG_INFO = INCLUDE_SOURCE;
				MTL_FAST_MATH = YES;
				ONLY_ACTIVE_ARCH = YES;
				SDKROOT = iphoneos;
				SWIFT_ACTIVE_COMPILATION_CONDITIONS = "DEBUG $(inherited)";
				SWIFT_OPTIMIZATION_LEVEL = "-Onone";
			};
			name = Debug;
		};
		C0683DB32ACEAA3400843D5D /* Release */ = {
			isa = XCBuildConfiguration;
			buildSettings = {
				ALWAYS_SEARCH_USER_PATHS = NO;
				ASSETCATALOG_COMPILER_GENERATE_SWIFT_ASSET_SYMBOL_EXTENSIONS = YES;
				CLANG_ANALYZER_NONNULL = YES;
				CLANG_ANALYZER_NUMBER_OBJECT_CONVERSION = YES_AGGRESSIVE;
				CLANG_CXX_LANGUAGE_STANDARD = "gnu++20";
				CLANG_ENABLE_MODULES = YES;
				CLANG_ENABLE_OBJC_ARC = YES;
				CLANG_ENABLE_OBJC_WEAK = YES;
				CLANG_WARN_BLOCK_CAPTURE_AUTORELEASING = YES;
				CLANG_WARN_BOOL_CONVERSION = YES;
				CLANG_WARN_COMMA = YES;
				CLANG_WARN_CONSTANT_CONVERSION = YES;
				CLANG_WARN_DEPRECATED_OBJC_IMPLEMENTATIONS = YES;
				CLANG_WARN_DIRECT_OBJC_ISA_USAGE = YES_ERROR;
				CLANG_WARN_DOCUMENTATION_COMMENTS = YES;
				CLANG_WARN_EMPTY_BODY = YES;
				CLANG_WARN_ENUM_CONVERSION = YES;
				CLANG_WARN_INFINITE_RECURSION = YES;
				CLANG_WARN_INT_CONVERSION = YES;
				CLANG_WARN_NON_LITERAL_NULL_CONVERSION = YES;
				CLANG_WARN_OBJC_IMPLICIT_RETAIN_SELF = YES;
				CLANG_WARN_OBJC_LITERAL_CONVERSION = YES;
				CLANG_WARN_OBJC_ROOT_CLASS = YES_ERROR;
				CLANG_WARN_QUOTED_INCLUDE_IN_FRAMEWORK_HEADER = YES;
				CLANG_WARN_RANGE_LOOP_ANALYSIS = YES;
				CLANG_WARN_STRICT_PROTOTYPES = YES;
				CLANG_WARN_SUSPICIOUS_MOVE = YES;
				CLANG_WARN_UNGUARDED_AVAILABILITY = YES_AGGRESSIVE;
				CLANG_WARN_UNREACHABLE_CODE = YES;
				CLANG_WARN__DUPLICATE_METHOD_MATCH = YES;
				COPY_PHASE_STRIP = NO;
				DEBUG_INFORMATION_FORMAT = "dwarf-with-dsym";
				ENABLE_NS_ASSERTIONS = NO;
				ENABLE_STRICT_OBJC_MSGSEND = YES;
				ENABLE_USER_SCRIPT_SANDBOXING = YES;
				GCC_C_LANGUAGE_STANDARD = gnu17;
				GCC_NO_COMMON_BLOCKS = YES;
				GCC_WARN_64_TO_32_BIT_CONVERSION = YES;
				GCC_WARN_ABOUT_RETURN_TYPE = YES_ERROR;
				GCC_WARN_UNDECLARED_SELECTOR = YES;
				GCC_WARN_UNINITIALIZED_AUTOS = YES_AGGRESSIVE;
				GCC_WARN_UNUSED_FUNCTION = YES;
				GCC_WARN_UNUSED_VARIABLE = YES;
				IPHONEOS_DEPLOYMENT_TARGET = 16.0;
				LOCALIZATION_PREFERS_STRING_CATALOGS = YES;
				MTL_ENABLE_DEBUG_INFO = NO;
				MTL_FAST_MATH = YES;
				SDKROOT = iphoneos;
				SWIFT_COMPILATION_MODE = wholemodule;
				VALIDATE_PRODUCT = YES;
			};
			name = Release;
		};
		C0683DB52ACEAA3400843D5D /* Debug */ = {
			isa = XCBuildConfiguration;
			buildSettings = {
				ASSETCATALOG_COMPILER_APPICON_NAME = AppIcon;
				ASSETCATALOG_COMPILER_GLOBAL_ACCENT_COLOR_NAME = AccentColor;
				CODE_SIGN_STYLE = Automatic;
				CURRENT_PROJECT_VERSION = 2;
				DEVELOPMENT_ASSET_PATHS = "\"Bookworm/Preview Content\"";
				DEVELOPMENT_TEAM = 93NA5FP2X8;
				ENABLE_PREVIEWS = YES;
				GENERATE_INFOPLIST_FILE = YES;
				INFOPLIST_FILE = Bookworm/Info.plist;
				INFOPLIST_KEY_CFBundleDisplayName = "Книжный червь";
				INFOPLIST_KEY_LSApplicationCategoryType = "public.app-category.books";
				INFOPLIST_KEY_UIApplicationSceneManifest_Generation = YES;
				INFOPLIST_KEY_UIApplicationSupportsIndirectInputEvents = YES;
				INFOPLIST_KEY_UILaunchScreen_Generation = YES;
				INFOPLIST_KEY_UISupportedInterfaceOrientations_iPad = "UIInterfaceOrientationPortrait UIInterfaceOrientationPortraitUpsideDown UIInterfaceOrientationLandscapeLeft UIInterfaceOrientationLandscapeRight";
				INFOPLIST_KEY_UISupportedInterfaceOrientations_iPhone = "UIInterfaceOrientationPortrait UIInterfaceOrientationLandscapeLeft UIInterfaceOrientationLandscapeRight";
				IPHONEOS_DEPLOYMENT_TARGET = 16.0;
				LD_RUNPATH_SEARCH_PATHS = (
					"$(inherited)",
					"@executable_path/Frameworks",
				);
				MARKETING_VERSION = 1.0;
				PRODUCT_BUNDLE_IDENTIFIER = "saydulayev.wien-gmail.com.Bookworm";
				PRODUCT_NAME = "$(TARGET_NAME)";
				SUPPORTED_PLATFORMS = "iphoneos iphonesimulator";
				SUPPORTS_MACCATALYST = NO;
				SUPPORTS_MAC_DESIGNED_FOR_IPHONE_IPAD = NO;
				SWIFT_EMIT_LOC_STRINGS = YES;
				SWIFT_VERSION = 5.0;
				TARGETED_DEVICE_FAMILY = 1;
			};
			name = Debug;
		};
		C0683DB62ACEAA3400843D5D /* Release */ = {
			isa = XCBuildConfiguration;
			buildSettings = {
				ASSETCATALOG_COMPILER_APPICON_NAME = AppIcon;
				ASSETCATALOG_COMPILER_GLOBAL_ACCENT_COLOR_NAME = AccentColor;
				CODE_SIGN_STYLE = Automatic;
				CURRENT_PROJECT_VERSION = 2;
				DEVELOPMENT_ASSET_PATHS = "\"Bookworm/Preview Content\"";
				DEVELOPMENT_TEAM = 93NA5FP2X8;
				ENABLE_PREVIEWS = YES;
				GENERATE_INFOPLIST_FILE = YES;
				INFOPLIST_FILE = Bookworm/Info.plist;
				INFOPLIST_KEY_CFBundleDisplayName = "Книжный червь";
				INFOPLIST_KEY_LSApplicationCategoryType = "public.app-category.books";
				INFOPLIST_KEY_UIApplicationSceneManifest_Generation = YES;
				INFOPLIST_KEY_UIApplicationSupportsIndirectInputEvents = YES;
				INFOPLIST_KEY_UILaunchScreen_Generation = YES;
				INFOPLIST_KEY_UISupportedInterfaceOrientations_iPad = "UIInterfaceOrientationPortrait UIInterfaceOrientationPortraitUpsideDown UIInterfaceOrientationLandscapeLeft UIInterfaceOrientationLandscapeRight";
				INFOPLIST_KEY_UISupportedInterfaceOrientations_iPhone = "UIInterfaceOrientationPortrait UIInterfaceOrientationLandscapeLeft UIInterfaceOrientationLandscapeRight";
				IPHONEOS_DEPLOYMENT_TARGET = 16.0;
				LD_RUNPATH_SEARCH_PATHS = (
					"$(inherited)",
					"@executable_path/Frameworks",
				);
				MARKETING_VERSION = 1.0;
				PRODUCT_BUNDLE_IDENTIFIER = "saydulayev.wien-gmail.com.Bookworm";
				PRODUCT_NAME = "$(TARGET_NAME)";
				SUPPORTED_PLATFORMS = "iphoneos iphonesimulator";
				SUPPORTS_MACCATALYST = NO;
				SUPPORTS_MAC_DESIGNED_FOR_IPHONE_IPAD = NO;
				SWIFT_EMIT_LOC_STRINGS = YES;
				SWIFT_VERSION = 5.0;
				TARGETED_DEVICE_FAMILY = 1;
			};
			name = Release;
		};
/* End XCBuildConfiguration section */

/* Begin XCConfigurationList section */
		C0683DA12ACEAA3300843D5D /* Build configuration list for PBXProject "Bookworm" */ = {
			isa = XCConfigurationList;
			buildConfigurations = (
				C0683DB22ACEAA3400843D5D /* Debug */,
				C0683DB32ACEAA3400843D5D /* Release */,
			);
			defaultConfigurationIsVisible = 0;
			defaultConfigurationName = Release;
		};
		C0683DB42ACEAA3400843D5D /* Build configuration list for PBXNativeTarget "Bookworm" */ = {
			isa = XCConfigurationList;
			buildConfigurations = (
				C0683DB52ACEAA3400843D5D /* Debug */,
				C0683DB62ACEAA3400843D5D /* Release */,
			);
			defaultConfigurationIsVisible = 0;
			defaultConfigurationName = Release;
		};
/* End XCConfigurationList section */

/* Begin XCVersionGroup section */
		C0683DB72ACEC61F00843D5D /* Bookworm.xcdatamodeld */ = {
			isa = XCVersionGroup;
			children = (
				C0683DB82ACEC61F00843D5D /* DataController.xcdatamodel */,
			);
			currentVersion = C0683DB82ACEC61F00843D5D /* DataController.xcdatamodel */;
			path = Bookworm.xcdatamodeld;
			sourceTree = "<group>";
			versionGroupType = wrapper.xcdatamodel;
		};
/* End XCVersionGroup section */
	};
	rootObject = C0683D9E2ACEAA3300843D5D /* Project object */;
}
